// !$*UTF8*$!
{
	archiveVersion = 1;
	classes = {
	};
	objectVersion = 50;
	objects = {

/* Begin PBXBuildFile section */
		4FC9B0A9243B22FE00A774AA /* AppDelegate.swift in Sources */ = {isa = PBXBuildFile; fileRef = 4FC9B0A8243B22FE00A774AA /* AppDelegate.swift */; };
		4FC9B0AB243B22FE00A774AA /* SceneDelegate.swift in Sources */ = {isa = PBXBuildFile; fileRef = 4FC9B0AA243B22FE00A774AA /* SceneDelegate.swift */; };
		4FC9B0AD243B22FE00A774AA /* ViewController.swift in Sources */ = {isa = PBXBuildFile; fileRef = 4FC9B0AC243B22FE00A774AA /* ViewController.swift */; };
		4FC9B0B0243B22FE00A774AA /* Main.storyboard in Resources */ = {isa = PBXBuildFile; fileRef = 4FC9B0AE243B22FE00A774AA /* Main.storyboard */; };
		4FC9B0B2243B22FF00A774AA /* Assets.xcassets in Resources */ = {isa = PBXBuildFile; fileRef = 4FC9B0B1243B22FF00A774AA /* Assets.xcassets */; };
		4FC9B0B5243B22FF00A774AA /* LaunchScreen.storyboard in Resources */ = {isa = PBXBuildFile; fileRef = 4FC9B0B3243B22FF00A774AA /* LaunchScreen.storyboard */; };
/* End PBXBuildFile section */

/* Begin PBXFileReference section */
		4FC9B0A5243B22FE00A774AA /* SimpleCameraApp.app */ = {isa = PBXFileReference; explicitFileType = wrapper.application; includeInIndex = 0; path = SimpleCameraApp.app; sourceTree = BUILT_PRODUCTS_DIR; };
		4FC9B0A8243B22FE00A774AA /* AppDelegate.swift */ = {isa = PBXFileReference; lastKnownFileType = sourcecode.swift; path = AppDelegate.swift; sourceTree = "<group>"; };
		4FC9B0AA243B22FE00A774AA /* SceneDelegate.swift */ = {isa = PBXFileReference; lastKnownFileType = sourcecode.swift; path = SceneDelegate.swift; sourceTree = "<group>"; };
		4FC9B0AC243B22FE00A774AA /* ViewController.swift */ = {isa = PBXFileReference; lastKnownFileType = sourcecode.swift; path = ViewController.swift; sourceTree = "<group>"; };
		4FC9B0AF243B22FE00A774AA /* Base */ = {isa = PBXFileReference; lastKnownFileType = file.storyboard; name = Base; path = Base.lproj/Main.storyboard; sourceTree = "<group>"; };
		4FC9B0B1243B22FF00A774AA /* Assets.xcassets */ = {isa = PBXFileReference; lastKnownFileType = folder.assetcatalog; path = Assets.xcassets; sourceTree = "<group>"; };
		4FC9B0B4243B22FF00A774AA /* Base */ = {isa = PBXFileReference; lastKnownFileType = file.storyboard; name = Base; path = Base.lproj/LaunchScreen.storyboard; sourceTree = "<group>"; };
		4FC9B0B6243B22FF00A774AA /* Info.plist */ = {isa = PBXFileReference; lastKnownFileType = text.plist.xml; path = Info.plist; sourceTree = "<group>"; };
/* End PBXFileReference section */

/* Begin PBXFrameworksBuildPhase section */
		4FC9B0A2243B22FE00A774AA /* Frameworks */ = {
			isa = PBXFrameworksBuildPhase;
			buildActionMask = 2147483647;
			files = (
			);
			runOnlyForDeploymentPostprocessing = 0;
		};
/* End PBXFrameworksBuildPhase section */

/* Begin PBXGroup section */
		4FC9B09C243B22FE00A774AA = {
			isa = PBXGroup;
			children = (
				4FC9B0A7243B22FE00A774AA /* SimpleCameraApp */,
				4FC9B0A6243B22FE00A774AA /* Products */,
			);
			sourceTree = "<group>";
		};
		4FC9B0A6243B22FE00A774AA /* Products */ = {
			isa = PBXGroup;
			children = (
				4FC9B0A5243B22FE00A774AA /* SimpleCameraApp.app */,
			);
			name = Products;
			sourceTree = "<group>";
		};
		4FC9B0A7243B22FE00A774AA /* SimpleCameraApp */ = {
			isa = PBXGroup;
			children = (
				4FC9B0A8243B22FE00A774AA /* AppDelegate.swift */,
				4FC9B0AA243B22FE00A774AA /* SceneDelegate.swift */,
				4FC9B0AC243B22FE00A774AA /* ViewController.swift */,
				4FC9B0AE243B22FE00A774AA /* Main.storyboard */,
				4FC9B0B1243B22FF00A774AA /* Assets.xcassets */,
				4FC9B0B3243B22FF00A774AA /* LaunchScreen.storyboard */,
				4FC9B0B6243B22FF00A774AA /* Info.plist */,
			);
			path = SimpleCameraApp;
			sourceTree = "<group>";
		};
/* End PBXGroup section */

/* Begin PBXNativeTarget section */
		4FC9B0A4243B22FE00A774AA /* SimpleCameraApp */ = {
			isa = PBXNativeTarget;
			buildConfigurationList = 4FC9B0B9243B22FF00A774AA /* Build configuration list for PBXNativeTarget "SimpleCameraApp" */;
			buildPhases = (
				4FC9B0A1243B22FE00A774AA /* Sources */,
				4FC9B0A2243B22FE00A774AA /* Frameworks */,
				4FC9B0A3243B22FE00A774AA /* Resources */,
			);
			buildRules = (
			);
			dependencies = (
			);
			name = SimpleCameraApp;
			productName = SimpleCameraApp;
			productReference = 4FC9B0A5243B22FE00A774AA /* SimpleCameraApp.app */;
			productType = "com.apple.product-type.application";
		};
/* End PBXNativeTarget section */

/* Begin PBXProject section */
		4FC9B09D243B22FE00A774AA /* Project object */ = {
			isa = PBXProject;
			attributes = {
				LastSwiftUpdateCheck = 1140;
				LastUpgradeCheck = 1140;
				ORGANIZATIONNAME = "Jumpei Takeshita";
				TargetAttributes = {
					4FC9B0A4243B22FE00A774AA = {
						CreatedOnToolsVersion = 11.4;
					};
				};
			};
			buildConfigurationList = 4FC9B0A0243B22FE00A774AA /* Build configuration list for PBXProject "SimpleCameraApp" */;
			compatibilityVersion = "Xcode 9.3";
			developmentRegion = en;
			hasScannedForEncodings = 0;
			knownRegions = (
				en,
				Base,
			);
			mainGroup = 4FC9B09C243B22FE00A774AA;
			productRefGroup = 4FC9B0A6243B22FE00A774AA /* Products */;
			projectDirPath = "";
			projectRoot = "";
			targets = (
				4FC9B0A4243B22FE00A774AA /* SimpleCameraApp */,
			);
		};
/* End PBXProject section */

/* Begin PBXResourcesBuildPhase section */
		4FC9B0A3243B22FE00A774AA /* Resources */ = {
			isa = PBXResourcesBuildPhase;
			buildActionMask = 2147483647;
			files = (
				4FC9B0B5243B22FF00A774AA /* LaunchScreen.storyboard in Resources */,
				4FC9B0B2243B22FF00A774AA /* Assets.xcassets in Resources */,
				4FC9B0B0243B22FE00A774AA /* Main.storyboard in Resources */,
			);
			runOnlyForDeploymentPostprocessing = 0;
		};
/* End PBXResourcesBuildPhase section */

/* Begin PBXSourcesBuildPhase section */
		4FC9B0A1243B22FE00A774AA /* Sources */ = {
			isa = PBXSourcesBuildPhase;
			buildActionMask = 2147483647;
			files = (
				4FC9B0AD243B22FE00A774AA /* ViewController.swift in Sources */,
				4FC9B0A9243B22FE00A774AA /* AppDelegate.swift in Sources */,
				4FC9B0AB243B22FE00A774AA /* SceneDelegate.swift in Sources */,
			);
			runOnlyForDeploymentPostprocessing = 0;
		};
/* End PBXSourcesBuildPhase section */

/* Begin PBXVariantGroup section */
		4FC9B0AE243B22FE00A774AA /* Main.storyboard */ = {
			isa = PBXVariantGroup;
			children = (
				4FC9B0AF243B22FE00A774AA /* Base */,
			);
			name = Main.storyboard;
			sourceTree = "<group>";
		};
		4FC9B0B3243B22FF00A774AA /* LaunchScreen.storyboard */ = {
			isa = PBXVariantGroup;
			children = (
				4FC9B0B4243B22FF00A774AA /* Base */,
			);
			name = LaunchScreen.storyboard;
			sourceTree = "<group>";
		};
/* End PBXVariantGroup section */

/* Begin XCBuildConfiguration section */
		4FC9B0B7243B22FF00A774AA /* Debug */ = {
			isa = XCBuildConfiguration;
			buildSettings = {
				ALWAYS_SEARCH_USER_PATHS = NO;
				CLANG_ANALYZER_NONNULL = YES;
				CLANG_ANALYZER_NUMBER_OBJECT_CONVERSION = YES_AGGRESSIVE;
				CLANG_CXX_LANGUAGE_STANDARD = "gnu++14";
				CLANG_CXX_LIBRARY = "libc++";
				CLANG_ENABLE_MODULES = YES;
				CLANG_ENABLE_OBJC_ARC = YES;
				CLANG_ENABLE_OBJC_WEAK = YES;
				CLANG_WARN_BLOCK_CAPTURE_AUTORELEASING = YES;
				CLANG_WARN_BOOL_CONVERSION = YES;
				CLANG_WARN_COMMA = YES;
				CLANG_WARN_CONSTANT_CONVERSION = YES;
				CLANG_WARN_DEPRECATED_OBJC_IMPLEMENTATIONS = YES;
				CLANG_WARN_DIRECT_OBJC_ISA_USAGE = YES_ERROR;
				CLANG_WARN_DOCUMENTATION_COMMENTS = YES;
				CLANG_WARN_EMPTY_BODY = YES;
				CLANG_WARN_ENUM_CONVERSION = YES;
				CLANG_WARN_INFINITE_RECURSION = YES;
				CLANG_WARN_INT_CONVERSION = YES;
				CLANG_WARN_NON_LITERAL_NULL_CONVERSION = YES;
				CLANG_WARN_OBJC_IMPLICIT_RETAIN_SELF = YES;
				CLANG_WARN_OBJC_LITERAL_CONVERSION = YES;
				CLANG_WARN_OBJC_ROOT_CLASS = YES_ERROR;
				CLANG_WARN_RANGE_LOOP_ANALYSIS = YES;
				CLANG_WARN_STRICT_PROTOTYPES = YES;
				CLANG_WARN_SUSPICIOUS_MOVE = YES;
				CLANG_WARN_UNGUARDED_AVAILABILITY = YES_AGGRESSIVE;
				CLANG_WARN_UNREACHABLE_CODE = YES;
				CLANG_WARN__DUPLICATE_METHOD_MATCH = YES;
				COPY_PHASE_STRIP = NO;
				DEBUG_INFORMATION_FORMAT = dwarf;
				ENABLE_STRICT_OBJC_MSGSEND = YES;
				ENABLE_TESTABILITY = YES;
				GCC_C_LANGUAGE_STANDARD = gnu11;
				GCC_DYNAMIC_NO_PIC = NO;
				GCC_NO_COMMON_BLOCKS = YES;
				GCC_OPTIMIZATION_LEVEL = 0;
				GCC_PREPROCESSOR_DEFINITIONS = (
					"DEBUG=1",
					"$(inherited)",
				);
				GCC_WARN_64_TO_32_BIT_CONVERSION = YES;
				GCC_WARN_ABOUT_RETURN_TYPE = YES_ERROR;
				GCC_WARN_UNDECLARED_SELECTOR = YES;
				GCC_WARN_UNINITIALIZED_AUTOS = YES_AGGRESSIVE;
				GCC_WARN_UNUSED_FUNCTION = YES;
				GCC_WARN_UNUSED_VARIABLE = YES;
				IPHONEOS_DEPLOYMENT_TARGET = 13.4;
				MTL_ENABLE_DEBUG_INFO = INCLUDE_SOURCE;
				MTL_FAST_MATH = YES;
				ONLY_ACTIVE_ARCH = YES;
				SDKROOT = iphoneos;
				SWIFT_ACTIVE_COMPILATION_CONDITIONS = DEBUG;
				SWIFT_OPTIMIZATION_LEVEL = "-Onone";
			};
			name = Debug;
		};
		4FC9B0B8243B22FF00A774AA /* Release */ = {
			isa = XCBuildConfiguration;
			buildSettings = {
				ALWAYS_SEARCH_USER_PATHS = NO;
				CLANG_ANALYZER_NONNULL = YES;
				CLANG_ANALYZER_NUMBER_OBJECT_CONVERSION = YES_AGGRESSIVE;
				CLANG_CXX_LANGUAGE_STANDARD = "gnu++14";
				CLANG_CXX_LIBRARY = "libc++";
				CLANG_ENABLE_MODULES = YES;
				CLANG_ENABLE_OBJC_ARC = YES;
				CLANG_ENABLE_OBJC_WEAK = YES;
				CLANG_WARN_BLOCK_CAPTURE_AUTORELEASING = YES;
				CLANG_WARN_BOOL_CONVERSION = YES;
				CLANG_WARN_COMMA = YES;
				CLANG_WARN_CONSTANT_CONVERSION = YES;
				CLANG_WARN_DEPRECATED_OBJC_IMPLEMENTATIONS = YES;
				CLANG_WARN_DIRECT_OBJC_ISA_USAGE = YES_ERROR;
				CLANG_WARN_DOCUMENTATION_COMMENTS = YES;
				CLANG_WARN_EMPTY_BODY = YES;
				CLANG_WARN_ENUM_CONVERSION = YES;
				CLANG_WARN_INFINITE_RECURSION = YES;
				CLANG_WARN_INT_CONVERSION = YES;
				CLANG_WARN_NON_LITERAL_NULL_CONVERSION = YES;
				CLANG_WARN_OBJC_IMPLICIT_RETAIN_SELF = YES;
				CLANG_WARN_OBJC_LITERAL_CONVERSION = YES;
				CLANG_WARN_OBJC_ROOT_CLASS = YES_ERROR;
				CLANG_WARN_RANGE_LOOP_ANALYSIS = YES;
				CLANG_WARN_STRICT_PROTOTYPES = YES;
				CLANG_WARN_SUSPICIOUS_MOVE = YES;
				CLANG_WARN_UNGUARDED_AVAILABILITY = YES_AGGRESSIVE;
				CLANG_WARN_UNREACHABLE_CODE = YES;
				CLANG_WARN__DUPLICATE_METHOD_MATCH = YES;
				COPY_PHASE_STRIP = NO;
				DEBUG_INFORMATION_FORMAT = "dwarf-with-dsym";
				ENABLE_NS_ASSERTIONS = NO;
				ENABLE_STRICT_OBJC_MSGSEND = YES;
				GCC_C_LANGUAGE_STANDARD = gnu11;
				GCC_NO_COMMON_BLOCKS = YES;
				GCC_WARN_64_TO_32_BIT_CONVERSION = YES;
				GCC_WARN_ABOUT_RETURN_TYPE = YES_ERROR;
				GCC_WARN_UNDECLARED_SELECTOR = YES;
				GCC_WARN_UNINITIALIZED_AUTOS = YES_AGGRESSIVE;
				GCC_WARN_UNUSED_FUNCTION = YES;
				GCC_WARN_UNUSED_VARIABLE = YES;
				IPHONEOS_DEPLOYMENT_TARGET = 13.4;
				MTL_ENABLE_DEBUG_INFO = NO;
				MTL_FAST_MATH = YES;
				SDKROOT = iphoneos;
				SWIFT_COMPILATION_MODE = wholemodule;
				SWIFT_OPTIMIZATION_LEVEL = "-O";
				VALIDATE_PRODUCT = YES;
			};
			name = Release;
		};
		4FC9B0BA243B22FF00A774AA /* Debug */ = {
			isa = XCBuildConfiguration;
			buildSettings = {
				ASSETCATALOG_COMPILER_APPICON_NAME = AppIcon;
				CODE_SIGN_STYLE = Automatic;
				INFOPLIST_FILE = SimpleCameraApp/Info.plist;
				LD_RUNPATH_SEARCH_PATHS = (
					"$(inherited)",
					"@executable_path/Frameworks",
				);
				PRODUCT_BUNDLE_IDENTIFIER = com.jumpei.SimpleCameraApp;
				PRODUCT_NAME = "$(TARGET_NAME)";
				SWIFT_VERSION = 5.0;
				TARGETED_DEVICE_FAMILY = "1,2";
			};
			name = Debug;
		};
		4FC9B0BB243B22FF00A774AA /* Release */ = {
			isa = XCBuildConfiguration;
			buildSettings = {
				ASSETCATALOG_COMPILER_APPICON_NAME = AppIcon;
				CODE_SIGN_STYLE = Automatic;
				INFOPLIST_FILE = SimpleCameraApp/Info.plist;
				LD_RUNPATH_SEARCH_PATHS = (
					"$(inherited)",
					"@executable_path/Frameworks",
				);
				PRODUCT_BUNDLE_IDENTIFIER = com.jumpei.SimpleCameraApp;
				PRODUCT_NAME = "$(TARGET_NAME)";
				SWIFT_VERSION = 5.0;
				TARGETED_DEVICE_FAMILY = "1,2";
			};
			name = Release;
		};
/* End XCBuildConfiguration section */

/* Begin XCConfigurationList section */
		4FC9B0A0243B22FE00A774AA /* Build configuration list for PBXProject "SimpleCameraApp" */ = {
			isa = XCConfigurationList;
			buildConfigurations = (
				4FC9B0B7243B22FF00A774AA /* Debug */,
				4FC9B0B8243B22FF00A774AA /* Release */,
			);
			defaultConfigurationIsVisible = 0;
			defaultConfigurationName = Release;
		};
		4FC9B0B9243B22FF00A774AA /* Build configuration list for PBXNativeTarget "SimpleCameraApp" */ = {
			isa = XCConfigurationList;
			buildConfigurations = (
				4FC9B0BA243B22FF00A774AA /* Debug */,
				4FC9B0BB243B22FF00A774AA /* Release */,
			);
			defaultConfigurationIsVisible = 0;
			defaultConfigurationName = Release;
		};
/* End XCConfigurationList section */
	};
	rootObject = 4FC9B09D243B22FE00A774AA /* Project object */;
}
